<?xml version="1.0" encoding="utf-8"?>
<Project ToolsVersion="4.0" xmlns="http://schemas.microsoft.com/developer/msbuild/2003">
  <ItemGroup>
    <Filter Include="Source Files">
      <UniqueIdentifier>{4FC737F1-C7A5-4376-A066-2A32D752A2FF}</UniqueIdentifier>
      <Extensions>cpp;cxx;c;def</Extensions>
    </Filter>
    <Filter Include="Header Files">
      <UniqueIdentifier>{93995380-89BD-4b04-88EB-625FBE52EBFB}</UniqueIdentifier>
      <Extensions>h</Extensions>
    </Filter>
    <Filter Include="Form Files">
      <UniqueIdentifier>{99349809-55BA-4b9d-BF79-8FDBB0286EB3}</UniqueIdentifier>
      <Extensions>ui</Extensions>
    </Filter>
    <Filter Include="Resource Files">
      <UniqueIdentifier>{D9D6E242-F8AF-46E4-B9FD-80ECBC20BA3E}</UniqueIdentifier>
      <Extensions>qrc;*</Extensions>
      <ParseFiles>false</ParseFiles>
    </Filter>
    <Filter Include="Generated Files">
      <UniqueIdentifier>{71ED8ED8-ACB9-4CE9-BBE1-E00B30144E11}</UniqueIdentifier>
      <Extensions>moc;h;cpp</Extensions>
      <SourceControlFiles>False</SourceControlFiles>
    </Filter>
    <Filter Include="Generated Files\Debug">
      <UniqueIdentifier>{803f4bda-c1da-4a83-b508-f6195fdb07df}</UniqueIdentifier>
      <Extensions>cpp;moc</Extensions>
      <SourceControlFiles>False</SourceControlFiles>
    </Filter>
    <Filter Include="Generated Files\Release">
      <UniqueIdentifier>{b8b10272-c3d4-48d2-ae9f-bc1578015cd3}</UniqueIdentifier>
      <Extensions>cpp;moc</Extensions>
      <SourceControlFiles>False</SourceControlFiles>
    </Filter>
    <Filter Include="Header Files\modules">
      <UniqueIdentifier>{c984d6f8-7789-4bc5-8e7c-8fda93af9aa5}</UniqueIdentifier>
    </Filter>
    <Filter Include="Header Files\modules\mobile">
      <UniqueIdentifier>{987c4f01-29f5-43cb-8b69-0a6981b968c6}</UniqueIdentifier>
    </Filter>
    <Filter Include="Source Files\modules">
      <UniqueIdentifier>{536cd0f9-dbd9-47bb-a218-ca9dded774f0}</UniqueIdentifier>
    </Filter>
    <Filter Include="Source Files\modules\mobile">
      <UniqueIdentifier>{2854e43e-9c55-41bf-bbca-bd8ca01937f2}</UniqueIdentifier>
    </Filter>
    <Filter Include="Header Files\modules\music">
      <UniqueIdentifier>{59435a99-a683-4c99-ba0d-a971ac33042d}</UniqueIdentifier>
    </Filter>
    <Filter Include="Source Files\modules\music">
      <UniqueIdentifier>{0a565fe4-64b5-4ad1-aa06-ff86e36323ae}</UniqueIdentifier>
    </Filter>
    <Filter Include="Source Files\modules\gps">
      <UniqueIdentifier>{fdd60da0-4f9a-4e90-afe5-0e91c1938743}</UniqueIdentifier>
    </Filter>
    <Filter Include="Header Files\modules\gps">
      <UniqueIdentifier>{cb96fe75-b3b7-41d0-9d4c-57937afb4606}</UniqueIdentifier>
    </Filter>
    <Filter Include="Header Files\core">
      <UniqueIdentifier>{90396a7c-716d-4eec-a6ce-798b0bee852b}</UniqueIdentifier>
    </Filter>
    <Filter Include="Source Files\core">
      <UniqueIdentifier>{23a72fd3-fd64-4aec-a0fb-086a0b0a335f}</UniqueIdentifier>
    </Filter>
    <Filter Include="Form Files\ui">
      <UniqueIdentifier>{b9aab350-8b4e-404c-9020-b04169117d25}</UniqueIdentifier>
    </Filter>
  </ItemGroup>
  <ItemGroup>
    <ClCompile Include="main.cpp">
      <Filter>Source Files</Filter>
    </ClCompile>
    <ClCompile Include="GeneratedFiles\qrc_t0.cpp">
      <Filter>Generated Files</Filter>
    </ClCompile>
    <ClCompile Include="GeneratedFiles\Debug\moc_mainWindow.cpp">
      <Filter>Generated Files\Debug</Filter>
    </ClCompile>
    <ClCompile Include="GeneratedFiles\Release\moc_mainWindow.cpp">
      <Filter>Generated Files\Release</Filter>
    </ClCompile>
    <ClCompile Include="mainWindow.cpp">
      <Filter>Source Files</Filter>
    </ClCompile>
    <ClCompile Include="GeneratedFiles\Debug\moc_ContactSelectDialog.cpp">
      <Filter>Generated Files\Debug</Filter>
    </ClCompile>
    <ClCompile Include="GeneratedFiles\Release\moc_ContactSelectDialog.cpp">
      <Filter>Generated Files\Release</Filter>
    </ClCompile>
    <ClCompile Include="GeneratedFiles\Debug\moc_mobileWindow.cpp">
      <Filter>Generated Files\Debug</Filter>
    </ClCompile>
    <ClCompile Include="GeneratedFiles\Release\moc_mobileWindow.cpp">
      <Filter>Generated Files\Release</Filter>
    </ClCompile>
    <ClCompile Include="modules\mobile\ContactsDDBB.cpp">
      <Filter>Source Files\modules\mobile</Filter>
    </ClCompile>
    <ClCompile Include="modules\mobile\ContactSelectDialog.cpp">
      <Filter>Source Files\modules\mobile</Filter>
    </ClCompile>
    <ClCompile Include="modules\mobile\mobileWindow.cpp">
      <Filter>Source Files\modules\mobile</Filter>
    </ClCompile>
    <ClCompile Include="GeneratedFiles\Debug\moc_musicWindow.cpp">
      <Filter>Generated Files\Debug</Filter>
    </ClCompile>
    <ClCompile Include="GeneratedFiles\Release\moc_musicWindow.cpp">
      <Filter>Generated Files\Release</Filter>
    </ClCompile>
    <ClCompile Include="modules\music\musicWindow.cpp">
      <Filter>Source Files\modules\music</Filter>
    </ClCompile>
    <ClCompile Include="modules\gps\gpsWindow.cpp">
      <Filter>Source Files\modules\gps</Filter>
    </ClCompile>
    <ClCompile Include="core\MusicPlayer.cpp">
      <Filter>Source Files\core</Filter>
    </ClCompile>
    <ClCompile Include="GeneratedFiles\Debug\moc_gpsWindow.cpp">
      <Filter>Generated Files\Debug</Filter>
    </ClCompile>
  </ItemGroup>
  <ItemGroup>
    <CustomBuild Include="t0.qrc">
      <Filter>Resource Files</Filter>
    </CustomBuild>
    <CustomBuild Include="mainWindow.h">
      <Filter>Header Files</Filter>
    </CustomBuild>
    <CustomBuild Include="ui\contactSelectDialog.ui">
      <Filter>Form Files</Filter>
    </CustomBuild>
    <CustomBuild Include="ui\mainWindow.ui">
      <Filter>Form Files</Filter>
    </CustomBuild>
    <CustomBuild Include="ui\mobileWindow.ui">
      <Filter>Form Files</Filter>
    </CustomBuild>
    <CustomBuild Include="ui\musicWindow.ui">
      <Filter>Form Files</Filter>
    </CustomBuild>
    <CustomBuild Include="modules\mobile\ContactSelectDialog.h">
      <Filter>Header Files\modules\mobile</Filter>
    </CustomBuild>
    <CustomBuild Include="modules\mobile\mobileWindow.h">
      <Filter>Header Files\modules\mobile</Filter>
    </CustomBuild>
    <CustomBuild Include="modules\music\musicWindow.h">
      <Filter>Header Files\modules\music</Filter>
    </CustomBuild>
    <CustomBuild Include="modules\gps\gpsWindow.h">
      <Filter>Header Files\modules\gps</Filter>
    </CustomBuild>
    <CustomBuild Include="ui\gpsWindow.ui">
      <Filter>Form Files</Filter>
    </CustomBuild>
  </ItemGroup>
  <ItemGroup>
    <ClInclude Include="general.h">
      <Filter>Header Files</Filter>
    </ClInclude>
    <ClInclude Include="GeneratedFiles\ui_contactSelectDialog.h">
      <Filter>Generated Files</Filter>
    </ClInclude>
    <ClInclude Include="GeneratedFiles\ui_mainWindow.h">
      <Filter>Generated Files</Filter>
    </ClInclude>
    <ClInclude Include="GeneratedFiles\ui_mobileWindow.h">
      <Filter>Generated Files</Filter>
    </ClInclude>
    <ClInclude Include="GeneratedFiles\ui_musicWindow.h">
      <Filter>Generated Files</Filter>
    </ClInclude>
    <ClInclude Include="modules\mobile\ContactsDDBB.h">
      <Filter>Header Files\modules\mobile</Filter>
    </ClInclude>
    <ClInclude Include="core\MusicPlayer.h">
      <Filter>Header Files\core</Filter>
    </ClInclude>
    <ClInclude Include="GeneratedFiles\ui_gpsWindow.h">
      <Filter>Generated Files</Filter>
    </ClInclude>
  </ItemGroup>
  <ItemGroup>
    <None Include="backgroundImage.jpg" />
    <None Include="ui\test.ui">
      <Filter>Form Files\ui</Filter>
    </None>
  </ItemGroup>
</Project>